
Microsoft Visual Studio Solution File, Format Version 12.00
# Visual Studio Version 16
VisualStudioVersion = 16.0.31624.102
MinimumVisualStudioVersion = 10.0.40219.1
Project("{FAE04EC0-301F-11D3-BF4B-00C04F79EFBC}") = "EmployeeManager", "EmployeeManager\EmployeeManager.csproj", "{BFBCCD50-7EE6-469C-935B-16AD5DE1B3C2}"
EndProject
Global
	GlobalSection(SolutionConfigurationPlatforms) = preSolution
		Debug|Any CPU = Debug|Any CPU
		Release|Any CPU = Release|Any CPU
	EndGlobalSection
	GlobalSection(ProjectConfigurationPlatforms) = postSolution
		{BFBCCD50-7EE6-469C-935B-16AD5DE1B3C2}.Debug|Any CPU.ActiveCfg = Debug|Any CPU
		{BFBCCD50-7EE6-469C-935B-16AD5DE1B3C2}.Debug|Any CPU.Build.0 = Debug|Any CPU
		{BFBCCD50-7EE6-469C-935B-16AD5DE1B3C2}.Release|Any CPU.ActiveCfg = Release|Any CPU
		{BFBCCD50-7EE6-469C-935B-16AD5DE1B3C2}.Release|Any CPU.Build.0 = Release|Any CPU
	EndGlobalSection
	GlobalSection(SolutionProperties) = preSolution
		HideSolutionNode = FALSE
	EndGlobalSection
	GlobalSection(ExtensibilityGlobals) = postSolution
		SolutionGuid = {02296CE5-68F4-4D1B-8735-C6985D4CAE4E}
	EndGlobalSection
EndGlobal
